
Microsoft Visual Studio Solution File, Format Version 12.00
# Visual Studio 2013
VisualStudioVersion = 12.0.21005.1
MinimumVisualStudioVersion = 10.0.40219.1
Project("{FAE04EC0-301F-11D3-BF4B-00C04F79EFBC}") = "principal", "principal.csproj", "{30C311A7-334F-4C2B-9DDE-0DF280491BF4}"
EndProject
Project("{FAE04EC0-301F-11D3-BF4B-00C04F79EFBC}") = "ler_mensagens", "ler_mensagens\ler_mensagens.csproj", "{DE308346-B70F-4C44-90CE-310BFFC8ED25}"
EndProject
Project("{FAE04EC0-301F-11D3-BF4B-00C04F79EFBC}") = "escrever_mensagens", "escrever_mensagens\escrever_mensagens.csproj", "{A8F4D8BA-2B58-4ABB-BA76-14C48B116278}"
EndProject
Global
	GlobalSection(SolutionConfigurationPlatforms) = preSolution
		Debug|Any CPU = Debug|Any CPU
		Release|Any CPU = Release|Any CPU
	EndGlobalSection
	GlobalSection(ProjectConfigurationPlatforms) = postSolution
		{30C311A7-334F-4C2B-9DDE-0DF280491BF4}.Debug|Any CPU.ActiveCfg = Debug|Any CPU
		{30C311A7-334F-4C2B-9DDE-0DF280491BF4}.Debug|Any CPU.Build.0 = Debug|Any CPU
		{30C311A7-334F-4C2B-9DDE-0DF280491BF4}.Release|Any CPU.ActiveCfg = Release|Any CPU
		{30C311A7-334F-4C2B-9DDE-0DF280491BF4}.Release|Any CPU.Build.0 = Release|Any CPU
		{DE308346-B70F-4C44-90CE-310BFFC8ED25}.Debug|Any CPU.ActiveCfg = Debug|Any CPU
		{DE308346-B70F-4C44-90CE-310BFFC8ED25}.Debug|Any CPU.Build.0 = Debug|Any CPU
		{DE308346-B70F-4C44-90CE-310BFFC8ED25}.Release|Any CPU.ActiveCfg = Release|Any CPU
		{DE308346-B70F-4C44-90CE-310BFFC8ED25}.Release|Any CPU.Build.0 = Release|Any CPU
		{A8F4D8BA-2B58-4ABB-BA76-14C48B116278}.Debug|Any CPU.ActiveCfg = Debug|Any CPU
		{A8F4D8BA-2B58-4ABB-BA76-14C48B116278}.Debug|Any CPU.Build.0 = Debug|Any CPU
		{A8F4D8BA-2B58-4ABB-BA76-14C48B116278}.Release|Any CPU.ActiveCfg = Release|Any CPU
		{A8F4D8BA-2B58-4ABB-BA76-14C48B116278}.Release|Any CPU.Build.0 = Release|Any CPU
	EndGlobalSection
	GlobalSection(SolutionProperties) = preSolution
		HideSolutionNode = FALSE
	EndGlobalSection
EndGlobal
